
Microsoft Visual Studio Solution File, Format Version 12.00
Project("{2150E333-8FDC-42A3-9474-1A3956D46DE8}") = "src", "src", "{F462AA16-547E-4C74-89A2-5308F901122C}"
EndProject
Project("{2150E333-8FDC-42A3-9474-1A3956D46DE8}") = "test", "test", "{4C719486-60BB-4F37-80AC-ABA0778BD3AD}"
EndProject
Project("{FAE04EC0-301F-11D3-BF4B-00C04F79EFBC}") = "Fase1.Contatos.Api", "src\Fase1.Contatos.Api\Fase1.Contatos.Api.csproj", "{6C76A9A5-2CD4-41BE-A4EA-82F56E505D6F}"
EndProject
Project("{FAE04EC0-301F-11D3-BF4B-00C04F79EFBC}") = "Fase1.Contatos.Application.Test", "test\Fase1.Contatos.Application.Test\Fase1.Contatos.Application.Test.csproj", "{A56EBC02-63A6-4B85-BCAC-054B778516E9}"
EndProject
Global
	GlobalSection(SolutionConfigurationPlatforms) = preSolution
		Debug|Any CPU = Debug|Any CPU
		Release|Any CPU = Release|Any CPU
	EndGlobalSection
	GlobalSection(NestedProjects) = preSolution
		{6C76A9A5-2CD4-41BE-A4EA-82F56E505D6F} = {F462AA16-547E-4C74-89A2-5308F901122C}
		{A56EBC02-63A6-4B85-BCAC-054B778516E9} = {4C719486-60BB-4F37-80AC-ABA0778BD3AD}
	EndGlobalSection
	GlobalSection(ProjectConfigurationPlatforms) = postSolution
		{6C76A9A5-2CD4-41BE-A4EA-82F56E505D6F}.Debug|Any CPU.ActiveCfg = Debug|Any CPU
		{6C76A9A5-2CD4-41BE-A4EA-82F56E505D6F}.Debug|Any CPU.Build.0 = Debug|Any CPU
		{6C76A9A5-2CD4-41BE-A4EA-82F56E505D6F}.Release|Any CPU.ActiveCfg = Release|Any CPU
		{6C76A9A5-2CD4-41BE-A4EA-82F56E505D6F}.Release|Any CPU.Build.0 = Release|Any CPU
		{A56EBC02-63A6-4B85-BCAC-054B778516E9}.Debug|Any CPU.ActiveCfg = Debug|Any CPU
		{A56EBC02-63A6-4B85-BCAC-054B778516E9}.Debug|Any CPU.Build.0 = Debug|Any CPU
		{A56EBC02-63A6-4B85-BCAC-054B778516E9}.Release|Any CPU.ActiveCfg = Release|Any CPU
		{A56EBC02-63A6-4B85-BCAC-054B778516E9}.Release|Any CPU.Build.0 = Release|Any CPU
	EndGlobalSection
EndGlobal
